
Microsoft Visual Studio Solution File, Format Version 12.00
# Visual Studio 15
VisualStudioVersion = 15.0.28307.572
MinimumVisualStudioVersion = 10.0.40219.1
Project("{FAE04EC0-301F-11D3-BF4B-00C04F79EFBC}") = "GoogleTranslate", "GoogleTranslate\GoogleTranslate.csproj", "{899E938E-1BF8-42A8-B511-B340F3977204}"
EndProject
Global
	GlobalSection(SolutionConfigurationPlatforms) = preSolution
		Debug|Any CPU = Debug|Any CPU
		Release|Any CPU = Release|Any CPU
	EndGlobalSection
	GlobalSection(ProjectConfigurationPlatforms) = postSolution
		{899E938E-1BF8-42A8-B511-B340F3977204}.Debug|Any CPU.ActiveCfg = Debug|Any CPU
		{899E938E-1BF8-42A8-B511-B340F3977204}.Debug|Any CPU.Build.0 = Debug|Any CPU
		{899E938E-1BF8-42A8-B511-B340F3977204}.Release|Any CPU.ActiveCfg = Release|Any CPU
		{899E938E-1BF8-42A8-B511-B340F3977204}.Release|Any CPU.Build.0 = Release|Any CPU
	EndGlobalSection
	GlobalSection(SolutionProperties) = preSolution
		HideSolutionNode = FALSE
	EndGlobalSection
	GlobalSection(ExtensibilityGlobals) = postSolution
		SolutionGuid = {4C1B9D1B-5D4A-494E-8A0A-0F9A19210928}
	EndGlobalSection
EndGlobal
